
Microsoft Visual Studio Solution File, Format Version 12.00
# Visual Studio Version 16
VisualStudioVersion = 25.0.1703.3
MinimumVisualStudioVersion = 10.0.40219.1
Project("{FAE04EC0-301F-11D3-BF4B-00C04F79EFBC}") = "BlazorReact.Server", "BlazorReact\Server\BlazorReact.Server.csproj", "{55970442-3020-43C8-B17B-60972DC2185F}"
EndProject
Project("{FAE04EC0-301F-11D3-BF4B-00C04F79EFBC}") = "BlazorReact.Client", "BlazorReact\Client\BlazorReact.Client.csproj", "{607D1602-7166-4822-BF3B-FD516BA04D6B}"
EndProject
Project("{FAE04EC0-301F-11D3-BF4B-00C04F79EFBC}") = "BlazorReact.Shared", "BlazorReact\Shared\BlazorReact.Shared.csproj", "{40225258-11E4-4EC9-B59F-635ADA4D62F7}"
EndProject
Global
	GlobalSection(SolutionConfigurationPlatforms) = preSolution
		Debug|Any CPU = Debug|Any CPU
		Release|Any CPU = Release|Any CPU
	EndGlobalSection
	GlobalSection(ProjectConfigurationPlatforms) = postSolution
		{55970442-3020-43C8-B17B-60972DC2185F}.Debug|Any CPU.ActiveCfg = Debug|Any CPU
		{55970442-3020-43C8-B17B-60972DC2185F}.Debug|Any CPU.Build.0 = Debug|Any CPU
		{55970442-3020-43C8-B17B-60972DC2185F}.Release|Any CPU.ActiveCfg = Release|Any CPU
		{55970442-3020-43C8-B17B-60972DC2185F}.Release|Any CPU.Build.0 = Release|Any CPU
		{607D1602-7166-4822-BF3B-FD516BA04D6B}.Debug|Any CPU.ActiveCfg = Debug|Any CPU
		{607D1602-7166-4822-BF3B-FD516BA04D6B}.Debug|Any CPU.Build.0 = Debug|Any CPU
		{607D1602-7166-4822-BF3B-FD516BA04D6B}.Release|Any CPU.ActiveCfg = Release|Any CPU
		{607D1602-7166-4822-BF3B-FD516BA04D6B}.Release|Any CPU.Build.0 = Release|Any CPU
		{40225258-11E4-4EC9-B59F-635ADA4D62F7}.Debug|Any CPU.ActiveCfg = Debug|Any CPU
		{40225258-11E4-4EC9-B59F-635ADA4D62F7}.Debug|Any CPU.Build.0 = Debug|Any CPU
		{40225258-11E4-4EC9-B59F-635ADA4D62F7}.Release|Any CPU.ActiveCfg = Release|Any CPU
		{40225258-11E4-4EC9-B59F-635ADA4D62F7}.Release|Any CPU.Build.0 = Release|Any CPU
	EndGlobalSection
	GlobalSection(SolutionProperties) = preSolution
		HideSolutionNode = FALSE
	EndGlobalSection
	GlobalSection(ExtensibilityGlobals) = postSolution
		SolutionGuid = {7BD2CD50-E95A-4D4F-B81A-D6B70621D3F9}
	EndGlobalSection
EndGlobal
